
Microsoft Visual Studio Solution File, Format Version 12.00
# Visual Studio Version 17
VisualStudioVersion = 17.6.33829.357
MinimumVisualStudioVersion = 10.0.40219.1
Project("{FAE04EC0-301F-11D3-BF4B-00C04F79EFBC}") = "herança", "herança\herança.csproj", "{FA2B4438-19DB-412A-B8CA-0D7517FB2572}"
EndProject
Global
	GlobalSection(SolutionConfigurationPlatforms) = preSolution
		Debug|Any CPU = Debug|Any CPU
		Release|Any CPU = Release|Any CPU
	EndGlobalSection
	GlobalSection(ProjectConfigurationPlatforms) = postSolution
		{FA2B4438-19DB-412A-B8CA-0D7517FB2572}.Debug|Any CPU.ActiveCfg = Debug|Any CPU
		{FA2B4438-19DB-412A-B8CA-0D7517FB2572}.Debug|Any CPU.Build.0 = Debug|Any CPU
		{FA2B4438-19DB-412A-B8CA-0D7517FB2572}.Release|Any CPU.ActiveCfg = Release|Any CPU
		{FA2B4438-19DB-412A-B8CA-0D7517FB2572}.Release|Any CPU.Build.0 = Release|Any CPU
	EndGlobalSection
	GlobalSection(SolutionProperties) = preSolution
		HideSolutionNode = FALSE
	EndGlobalSection
	GlobalSection(ExtensibilityGlobals) = postSolution
		SolutionGuid = {1CF7D7DA-C5F0-47CB-A9EE-CA02F46E2181}
	EndGlobalSection
EndGlobal
